
Microsoft Visual Studio Solution File, Format Version 12.00
# Visual Studio Version 16
VisualStudioVersion = 16.0.30608.117
MinimumVisualStudioVersion = 10.0.40219.1
Project("{9A19103F-16F7-4668-BE54-9A1E7A4F7556}") = "VirtualClassroom.Common", "VirtualClassroom.Common\VirtualClassroom.Common.csproj", "{0817295F-9D5E-4720-8445-9686FAFC54ED}"
EndProject
Project("{9A19103F-16F7-4668-BE54-9A1E7A4F7556}") = "VirtualClassroom.WEB", "VirtualClassroom.WEB\VirtualClassroom.WEB.csproj", "{047F0A8D-7CAE-447E-A235-6EAD570B34F5}"
EndProject
Project("{FAE04EC0-301F-11D3-BF4B-00C04F79EFBC}") = "WebApplication1", "WebApplication1\WebApplication1.csproj", "{635168D8-A262-4907-B711-1285835C4542}"
EndProject
Global
	GlobalSection(SolutionConfigurationPlatforms) = preSolution
		Debug|Any CPU = Debug|Any CPU
		Release|Any CPU = Release|Any CPU
	EndGlobalSection
	GlobalSection(ProjectConfigurationPlatforms) = postSolution
		{0817295F-9D5E-4720-8445-9686FAFC54ED}.Debug|Any CPU.ActiveCfg = Debug|Any CPU
		{0817295F-9D5E-4720-8445-9686FAFC54ED}.Debug|Any CPU.Build.0 = Debug|Any CPU
		{0817295F-9D5E-4720-8445-9686FAFC54ED}.Release|Any CPU.ActiveCfg = Release|Any CPU
		{0817295F-9D5E-4720-8445-9686FAFC54ED}.Release|Any CPU.Build.0 = Release|Any CPU
		{047F0A8D-7CAE-447E-A235-6EAD570B34F5}.Debug|Any CPU.ActiveCfg = Debug|Any CPU
		{047F0A8D-7CAE-447E-A235-6EAD570B34F5}.Debug|Any CPU.Build.0 = Debug|Any CPU
		{047F0A8D-7CAE-447E-A235-6EAD570B34F5}.Release|Any CPU.ActiveCfg = Release|Any CPU
		{047F0A8D-7CAE-447E-A235-6EAD570B34F5}.Release|Any CPU.Build.0 = Release|Any CPU
		{635168D8-A262-4907-B711-1285835C4542}.Debug|Any CPU.ActiveCfg = Debug|Any CPU
		{635168D8-A262-4907-B711-1285835C4542}.Debug|Any CPU.Build.0 = Debug|Any CPU
		{635168D8-A262-4907-B711-1285835C4542}.Release|Any CPU.ActiveCfg = Release|Any CPU
		{635168D8-A262-4907-B711-1285835C4542}.Release|Any CPU.Build.0 = Release|Any CPU
	EndGlobalSection
	GlobalSection(SolutionProperties) = preSolution
		HideSolutionNode = FALSE
	EndGlobalSection
	GlobalSection(ExtensibilityGlobals) = postSolution
		SolutionGuid = {15A43852-7CCF-4D1F-8227-EDEC2A6C60B0}
	EndGlobalSection
EndGlobal
